github.com/cydev/zero v0.0.0-20160322155811-4a4535dd56e7 h1:OQoU2eJO+adwX0gBaIede9S+aL6aQU/0aKwktWKyl8s=
github.com/cydev/zero v0.0.0-20160322155811-4a4535dd56e7/go.mod h1:XGbwUcTsr1d7ezSp77rqp7aaYHlX+01wCaIFUNMRY6g=
github.com/davecgh/go-spew v1.1.1 h1:vj9j/u1bqnvCEfJOwUhtlOARqs3+rkHYY13jYWTU97c=
github.com/davecgh/go-spew v1.1.1/go.mod h1:J7Y8YcW2NihsgmVo/mv3lAwl/skON4iLHjSsI+c5H38=
github.com/elliotchance/pie/v2 v2.9.1 h1:v7TdC6ZdNZJ1HACofpLXvGKHUk307AjY/bttwDPWKEQ=
github.com/elliotchance/pie/v2 v2.9.1/go.mod h1:18t0dgGFH006g4eVdDtWfgFZPQEgl10IoEO8YWEq3Og=
github.com/omniboost/go-httperr v0.0.0-20251103155253-030b17131c87 h1:UMRh/ZStOFdJSms/4CPeZviorsXkim6ah4mhg4Qy/oI=
github.com/omniboost/go-httperr v0.0.0-20251103155253-030b17131c87/go.mod h1:bNUUT49+LfJKtycbydasPm8Rd/vP8WfTgUVYEvE4vhI=
github.com/omniboost/schema v1.1.1-0.20211111150515-2e872025e306 h1:9GMWNGwzd6895ErDvWeIipKuaEQ+0l3thaLm89u+El8=
github.com/omniboost/schema v1.1.1-0.20211111150515-2e872025e306/go.mod h1:p/BKiaWM4vXHpCIdM2HAnmxb+3q95jb2KwvX9bK1OoY=
github.com/pkg/errors v0.9.1 h1:FEBLx1zS214owpjy7qsBeixbURkuhQAwrK5UwLGTwt4=
github.com/pkg/errors v0.9.1/go.mod h1:bwawxfHBFNV+L2hUp1rHADufV3IMtnDRdf1r5NINEl0=
github.com/pmezard/go-difflib v1.0.0 h1:4DBwDE0NGyQoBHbLQYPwSUPoCMWR5BEzIk/f1lZbAQM=
github.com/pmezard/go-difflib v1.0.0/go.mod h1:iKH77koFhYxTK1pcRnkKkqfTogsbg7gZNVY4sRDYZ/4=
github.com/stretchr/testify v1.7.1 h1:5TQK59W5E3v0r2duFAb7P95B6hEeOyEnHRa8MjYSMTY=
github.com/stretchr/testify v1.7.1/go.mod h1:6Fq8oRcR53rry900zMqJjRRixrwX3KX962/h/Wwjteg=
golang.org/x/exp v0.0.0-20260218203240-3dfff04db8fa h1:Zt3DZoOFFYkKhDT3v7Lm9FDMEV06GpzjG2jrqW+QTE0=
golang.org/x/exp v0.0.0-20260218203240-3dfff04db8fa/go.mod h1:K79w1Vqn7PoiZn+TkNpx3BUWUQksGO3JcVX6qIjytmA=
gopkg.in/guregu/null.v3 v3.5.0 h1:xTcasT8ETfMcUHn0zTvIYtQud/9Mx5dJqD554SZct0o=
gopkg.in/guregu/null.v3 v3.5.0/go.mod h1:E4tX2Qe3h7QdL+uZ3a0vqvYwKQsRSQKM5V4YltdgH9Y=
gopkg.in/yaml.v3 v3.0.0-20200313102051-9f266ea9e77c h1:dUUwHk2QECo/6vqA44rthZ8ie2QXMNeKRTHCNY2nXvo=
gopkg.in/yaml.v3 v3.0.0-20200313102051-9f266ea9e77c/go.mod h1:K4uyk7z7BCEPqu6E+C64Yfv1cQ7kz7rIZviUmN+EgEM=
